
Microsoft Visual Studio Solution File, Format Version 12.00
# Visual Studio Version 16
VisualStudioVersion = 16.0.31624.102
MinimumVisualStudioVersion = 10.0.40219.1
Project("{FAE04EC0-301F-11D3-BF4B-00C04F79EFBC}") = "DatePickerDemo.Android", "DatePickerDemo.Android\DatePickerDemo.Android.csproj", "{EDAE6DA5-E243-447C-934C-A335A3740D0D}"
EndProject
Project("{FAE04EC0-301F-11D3-BF4B-00C04F79EFBC}") = "DatePickerDemo.iOS", "DatePickerDemo.iOS\DatePickerDemo.iOS.csproj", "{C3D586CB-DE32-4DFD-A868-5EAD049ED5A0}"
EndProject
Project("{FAE04EC0-301F-11D3-BF4B-00C04F79EFBC}") = "DatePickerDemo", "DatePickerDemo\DatePickerDemo.csproj", "{734E907B-CE82-47F9-9814-EF952D653C85}"
EndProject
Global
	GlobalSection(SolutionConfigurationPlatforms) = preSolution
		Debug|Any CPU = Debug|Any CPU
		Debug|iPhone = Debug|iPhone
		Debug|iPhoneSimulator = Debug|iPhoneSimulator
		Release|Any CPU = Release|Any CPU
		Release|iPhone = Release|iPhone
		Release|iPhoneSimulator = Release|iPhoneSimulator
	EndGlobalSection
	GlobalSection(ProjectConfigurationPlatforms) = postSolution
		{EDAE6DA5-E243-447C-934C-A335A3740D0D}.Debug|Any CPU.ActiveCfg = Debug|Any CPU
		{EDAE6DA5-E243-447C-934C-A335A3740D0D}.Debug|Any CPU.Build.0 = Debug|Any CPU
		{EDAE6DA5-E243-447C-934C-A335A3740D0D}.Debug|Any CPU.Deploy.0 = Debug|Any CPU
		{EDAE6DA5-E243-447C-934C-A335A3740D0D}.Debug|iPhone.ActiveCfg = Debug|Any CPU
		{EDAE6DA5-E243-447C-934C-A335A3740D0D}.Debug|iPhone.Build.0 = Debug|Any CPU
		{EDAE6DA5-E243-447C-934C-A335A3740D0D}.Debug|iPhone.Deploy.0 = Debug|Any CPU
		{EDAE6DA5-E243-447C-934C-A335A3740D0D}.Debug|iPhoneSimulator.ActiveCfg = Debug|Any CPU
		{EDAE6DA5-E243-447C-934C-A335A3740D0D}.Debug|iPhoneSimulator.Build.0 = Debug|Any CPU
		{EDAE6DA5-E243-447C-934C-A335A3740D0D}.Debug|iPhoneSimulator.Deploy.0 = Debug|Any CPU
		{EDAE6DA5-E243-447C-934C-A335A3740D0D}.Release|Any CPU.ActiveCfg = Release|Any CPU
		{EDAE6DA5-E243-447C-934C-A335A3740D0D}.Release|Any CPU.Build.0 = Release|Any CPU
		{EDAE6DA5-E243-447C-934C-A335A3740D0D}.Release|Any CPU.Deploy.0 = Release|Any CPU
		{EDAE6DA5-E243-447C-934C-A335A3740D0D}.Release|iPhone.ActiveCfg = Release|Any CPU
		{EDAE6DA5-E243-447C-934C-A335A3740D0D}.Release|iPhone.Build.0 = Release|Any CPU
		{EDAE6DA5-E243-447C-934C-A335A3740D0D}.Release|iPhone.Deploy.0 = Release|Any CPU
		{EDAE6DA5-E243-447C-934C-A335A3740D0D}.Release|iPhoneSimulator.ActiveCfg = Release|Any CPU
		{EDAE6DA5-E243-447C-934C-A335A3740D0D}.Release|iPhoneSimulator.Build.0 = Release|Any CPU
		{EDAE6DA5-E243-447C-934C-A335A3740D0D}.Release|iPhoneSimulator.Deploy.0 = Release|Any CPU
		{C3D586CB-DE32-4DFD-A868-5EAD049ED5A0}.Debug|Any CPU.ActiveCfg = Debug|iPhone
		{C3D586CB-DE32-4DFD-A868-5EAD049ED5A0}.Debug|Any CPU.Build.0 = Debug|iPhone
		{C3D586CB-DE32-4DFD-A868-5EAD049ED5A0}.Debug|Any CPU.Deploy.0 = Debug|iPhone
		{C3D586CB-DE32-4DFD-A868-5EAD049ED5A0}.Debug|iPhone.ActiveCfg = Debug|iPhone
		{C3D586CB-DE32-4DFD-A868-5EAD049ED5A0}.Debug|iPhone.Build.0 = Debug|iPhone
		{C3D586CB-DE32-4DFD-A868-5EAD049ED5A0}.Debug|iPhone.Deploy.0 = Debug|iPhone
		{C3D586CB-DE32-4DFD-A868-5EAD049ED5A0}.Debug|iPhoneSimulator.ActiveCfg = Debug|iPhoneSimulator
		{C3D586CB-DE32-4DFD-A868-5EAD049ED5A0}.Debug|iPhoneSimulator.Build.0 = Debug|iPhoneSimulator
		{C3D586CB-DE32-4DFD-A868-5EAD049ED5A0}.Debug|iPhoneSimulator.Deploy.0 = Debug|iPhoneSimulator
		{C3D586CB-DE32-4DFD-A868-5EAD049ED5A0}.Release|Any CPU.ActiveCfg = Release|iPhoneSimulator
		{C3D586CB-DE32-4DFD-A868-5EAD049ED5A0}.Release|Any CPU.Build.0 = Release|iPhoneSimulator
		{C3D586CB-DE32-4DFD-A868-5EAD049ED5A0}.Release|Any CPU.Deploy.0 = Release|iPhoneSimulator
		{C3D586CB-DE32-4DFD-A868-5EAD049ED5A0}.Release|iPhone.ActiveCfg = Release|iPhone
		{C3D586CB-DE32-4DFD-A868-5EAD049ED5A0}.Release|iPhone.Build.0 = Release|iPhone
		{C3D586CB-DE32-4DFD-A868-5EAD049ED5A0}.Release|iPhone.Deploy.0 = Release|iPhone
		{C3D586CB-DE32-4DFD-A868-5EAD049ED5A0}.Release|iPhoneSimulator.ActiveCfg = Release|iPhoneSimulator
		{C3D586CB-DE32-4DFD-A868-5EAD049ED5A0}.Release|iPhoneSimulator.Build.0 = Release|iPhoneSimulator
		{C3D586CB-DE32-4DFD-A868-5EAD049ED5A0}.Release|iPhoneSimulator.Deploy.0 = Release|iPhoneSimulator
		{734E907B-CE82-47F9-9814-EF952D653C85}.Debug|Any CPU.ActiveCfg = Debug|Any CPU
		{734E907B-CE82-47F9-9814-EF952D653C85}.Debug|Any CPU.Build.0 = Debug|Any CPU
		{734E907B-CE82-47F9-9814-EF952D653C85}.Debug|Any CPU.Deploy.0 = Debug|Any CPU
		{734E907B-CE82-47F9-9814-EF952D653C85}.Debug|iPhone.ActiveCfg = Debug|Any CPU
		{734E907B-CE82-47F9-9814-EF952D653C85}.Debug|iPhone.Build.0 = Debug|Any CPU
		{734E907B-CE82-47F9-9814-EF952D653C85}.Debug|iPhone.Deploy.0 = Debug|Any CPU
		{734E907B-CE82-47F9-9814-EF952D653C85}.Debug|iPhoneSimulator.ActiveCfg = Debug|Any CPU
		{734E907B-CE82-47F9-9814-EF952D653C85}.Debug|iPhoneSimulator.Build.0 = Debug|Any CPU
		{734E907B-CE82-47F9-9814-EF952D653C85}.Debug|iPhoneSimulator.Deploy.0 = Debug|Any CPU
		{734E907B-CE82-47F9-9814-EF952D653C85}.Release|Any CPU.ActiveCfg = Release|Any CPU
		{734E907B-CE82-47F9-9814-EF952D653C85}.Release|Any CPU.Build.0 = Release|Any CPU
		{734E907B-CE82-47F9-9814-EF952D653C85}.Release|Any CPU.Deploy.0 = Release|Any CPU
		{734E907B-CE82-47F9-9814-EF952D653C85}.Release|iPhone.ActiveCfg = Release|Any CPU
		{734E907B-CE82-47F9-9814-EF952D653C85}.Release|iPhone.Build.0 = Release|Any CPU
		{734E907B-CE82-47F9-9814-EF952D653C85}.Release|iPhone.Deploy.0 = Release|Any CPU
		{734E907B-CE82-47F9-9814-EF952D653C85}.Release|iPhoneSimulator.ActiveCfg = Release|Any CPU
		{734E907B-CE82-47F9-9814-EF952D653C85}.Release|iPhoneSimulator.Build.0 = Release|Any CPU
		{734E907B-CE82-47F9-9814-EF952D653C85}.Release|iPhoneSimulator.Deploy.0 = Release|Any CPU
	EndGlobalSection
	GlobalSection(SolutionProperties) = preSolution
		HideSolutionNode = FALSE
	EndGlobalSection
	GlobalSection(ExtensibilityGlobals) = postSolution
		SolutionGuid = {C1412273-A6E0-42B5-8A37-E56ADA97BDA4}
	EndGlobalSection
EndGlobal
